// !$*UTF8*$!
{
	archiveVersion = 1;
	classes = {
	};
	objectVersion = 46;
	objects = {

/* Begin PBXBuildFile section */
		50D47CC71D992A4200398029 /* AppDelegate.swift in Sources */ = {isa = PBXBuildFile; fileRef = 50D47CC61D992A4200398029 /* AppDelegate.swift */; };
		50D47CC91D992A4200398029 /* ViewController.swift in Sources */ = {isa = PBXBuildFile; fileRef = 50D47CC81D992A4200398029 /* ViewController.swift */; };
		50D47CCB1D992A4200398029 /* Assets.xcassets in Resources */ = {isa = PBXBuildFile; fileRef = 50D47CCA1D992A4200398029 /* Assets.xcassets */; };
		50D47CCE1D992A4200398029 /* Main.storyboard in Resources */ = {isa = PBXBuildFile; fileRef = 50D47CCC1D992A4200398029 /* Main.storyboard */; };
		50D47CF71D992C3B00398029 /* GCDAsyncSocket.m in Sources */ = {isa = PBXBuildFile; fileRef = 50D47CF41D992C3B00398029 /* GCDAsyncSocket.m */; };
		50D47CF81D992C3B00398029 /* MBWebSocketServer.m in Sources */ = {isa = PBXBuildFile; fileRef = 50D47CF61D992C3B00398029 /* MBWebSocketServer.m */; };
		50D47CFB1D992C8000398029 /* Service.swift in Sources */ = {isa = PBXBuildFile; fileRef = 50D47CF91D992C8000398029 /* Service.swift */; };
		50D47CFC1D992C8000398029 /* SocketServer.swift in Sources */ = {isa = PBXBuildFile; fileRef = 50D47CFA1D992C8000398029 /* SocketServer.swift */; };
/* End PBXBuildFile section */

/* Begin PBXFileReference section */
		50D47CC31D992A4200398029 /* Maki-macOS.app */ = {isa = PBXFileReference; explicitFileType = wrapper.application; includeInIndex = 0; path = "Maki-macOS.app"; sourceTree = BUILT_PRODUCTS_DIR; };
		50D47CC61D992A4200398029 /* AppDelegate.swift */ = {isa = PBXFileReference; lastKnownFileType = sourcecode.swift; path = AppDelegate.swift; sourceTree = "<group>"; };
		50D47CC81D992A4200398029 /* ViewController.swift */ = {isa = PBXFileReference; lastKnownFileType = sourcecode.swift; path = ViewController.swift; sourceTree = "<group>"; };
		50D47CCA1D992A4200398029 /* Assets.xcassets */ = {isa = PBXFileReference; lastKnownFileType = folder.assetcatalog; path = Assets.xcassets; sourceTree = "<group>"; };
		50D47CCD1D992A4200398029 /* Base */ = {isa = PBXFileReference; lastKnownFileType = file.storyboard; name = Base; path = Base.lproj/Main.storyboard; sourceTree = "<group>"; };
		50D47CCF1D992A4200398029 /* Info.plist */ = {isa = PBXFileReference; lastKnownFileType = text.plist.xml; path = Info.plist; sourceTree = "<group>"; };
		50D47CF21D992C3A00398029 /* Maki-macOS-Bridging-Header.h */ = {isa = PBXFileReference; lastKnownFileType = sourcecode.c.h; path = "Maki-macOS-Bridging-Header.h"; sourceTree = "<group>"; };
		50D47CF31D992C3B00398029 /* GCDAsyncSocket.h */ = {isa = PBXFileReference; fileEncoding = 4; lastKnownFileType = sourcecode.c.h; path = GCDAsyncSocket.h; sourceTree = "<group>"; };
		50D47CF41D992C3B00398029 /* GCDAsyncSocket.m */ = {isa = PBXFileReference; fileEncoding = 4; lastKnownFileType = sourcecode.c.objc; path = GCDAsyncSocket.m; sourceTree = "<group>"; };
		50D47CF51D992C3B00398029 /* MBWebSocketServer.h */ = {isa = PBXFileReference; fileEncoding = 4; lastKnownFileType = sourcecode.c.h; path = MBWebSocketServer.h; sourceTree = "<group>"; };
		50D47CF61D992C3B00398029 /* MBWebSocketServer.m */ = {isa = PBXFileReference; fileEncoding = 4; lastKnownFileType = sourcecode.c.objc; path = MBWebSocketServer.m; sourceTree = "<group>"; };
		50D47CF91D992C8000398029 /* Service.swift */ = {isa = PBXFileReference; fileEncoding = 4; lastKnownFileType = sourcecode.swift; path = Service.swift; sourceTree = "<group>"; };
		50D47CFA1D992C8000398029 /* SocketServer.swift */ = {isa = PBXFileReference; fileEncoding = 4; lastKnownFileType = sourcecode.swift; path = SocketServer.swift; sourceTree = "<group>"; };
/* End PBXFileReference section */

/* Begin PBXFrameworksBuildPhase section */
		50D47CC01D992A4200398029 /* Frameworks */ = {
			isa = PBXFrameworksBuildPhase;
			buildActionMask = 2147483647;
			files = (
			);
			runOnlyForDeploymentPostprocessing = 0;
		};
/* End PBXFrameworksBuildPhase section */

/* Begin PBXGroup section */
		50D47CBA1D992A4200398029 = {
			isa = PBXGroup;
			children = (
				50D47CC51D992A4200398029 /* Maki-macOS */,
				50D47CC41D992A4200398029 /* Products */,
			);
			sourceTree = "<group>";
		};
		50D47CC41D992A4200398029 /* Products */ = {
			isa = PBXGroup;
			children = (
				50D47CC31D992A4200398029 /* Maki-macOS.app */,
			);
			name = Products;
			sourceTree = "<group>";
		};
		50D47CC51D992A4200398029 /* Maki-macOS */ = {
			isa = PBXGroup;
			children = (
				50D47CF21D992C3A00398029 /* Maki-macOS-Bridging-Header.h */,
				50D47CF11D992C3000398029 /* MBWebSocketServer */,
				50D47CC61D992A4200398029 /* AppDelegate.swift */,
				50D47CC81D992A4200398029 /* ViewController.swift */,
				50D47CF91D992C8000398029 /* Service.swift */,
				50D47CFA1D992C8000398029 /* SocketServer.swift */,
				50D47CCA1D992A4200398029 /* Assets.xcassets */,
				50D47CCC1D992A4200398029 /* Main.storyboard */,
				50D47CCF1D992A4200398029 /* Info.plist */,
			);
			path = "Maki-macOS";
			sourceTree = "<group>";
		};
		50D47CF11D992C3000398029 /* MBWebSocketServer */ = {
			isa = PBXGroup;
			children = (
				50D47CF31D992C3B00398029 /* GCDAsyncSocket.h */,
				50D47CF41D992C3B00398029 /* GCDAsyncSocket.m */,
				50D47CF51D992C3B00398029 /* MBWebSocketServer.h */,
				50D47CF61D992C3B00398029 /* MBWebSocketServer.m */,
			);
			name = MBWebSocketServer;
			sourceTree = "<group>";
		};
/* End PBXGroup section */

/* Begin PBXNativeTarget section */
		50D47CC21D992A4200398029 /* Maki-macOS */ = {
			isa = PBXNativeTarget;
			buildConfigurationList = 50D47CE81D992A4200398029 /* Build configuration list for PBXNativeTarget "Maki-macOS" */;
			buildPhases = (
				50D47CBF1D992A4200398029 /* Sources */,
				50D47CC01D992A4200398029 /* Frameworks */,
				50D47CC11D992A4200398029 /* Resources */,
			);
			buildRules = (
			);
			dependencies = (
			);
			name = "Maki-macOS";
			productName = "Maki-macOS";
			productReference = 50D47CC31D992A4200398029 /* Maki-macOS.app */;
			productType = "com.apple.product-type.application";
		};
/* End PBXNativeTarget section */

/* Begin PBXProject section */
		50D47CBB1D992A4200398029 /* Project object */ = {
			isa = PBXProject;
			attributes = {
				LastSwiftUpdateCheck = 0800;
				LastUpgradeCheck = 0800;
				ORGANIZATIONNAME = "Max Friedrich";
				TargetAttributes = {
					50D47CC21D992A4200398029 = {
						CreatedOnToolsVersion = 8.0;
						DevelopmentTeam = VJ64FGYHRV;
						LastSwiftMigration = 0800;
						ProvisioningStyle = Automatic;
					};
				};
			};
			buildConfigurationList = 50D47CBE1D992A4200398029 /* Build configuration list for PBXProject "Maki-macOS" */;
			compatibilityVersion = "Xcode 3.2";
			developmentRegion = English;
			hasScannedForEncodings = 0;
			knownRegions = (
				en,
				Base,
			);
			mainGroup = 50D47CBA1D992A4200398029;
			productRefGroup = 50D47CC41D992A4200398029 /* Products */;
			projectDirPath = "";
			projectRoot = "";
			targets = (
				50D47CC21D992A4200398029 /* Maki-macOS */,
			);
		};
/* End PBXProject section */

/* Begin PBXResourcesBuildPhase section */
		50D47CC11D992A4200398029 /* Resources */ = {
			isa = PBXResourcesBuildPhase;
			buildActionMask = 2147483647;
			files = (
				50D47CCB1D992A4200398029 /* Assets.xcassets in Resources */,
				50D47CCE1D992A4200398029 /* Main.storyboard in Resources */,
			);
			runOnlyForDeploymentPostprocessing = 0;
		};
/* End PBXResourcesBuildPhase section */

/* Begin PBXSourcesBuildPhase section */
		50D47CBF1D992A4200398029 /* Sources */ = {
			isa = PBXSourcesBuildPhase;
			buildActionMask = 2147483647;
			files = (
				50D47CF71D992C3B00398029 /* GCDAsyncSocket.m in Sources */,
				50D47CC91D992A4200398029 /* ViewController.swift in Sources */,
				50D47CFB1D992C8000398029 /* Service.swift in Sources */,
				50D47CFC1D992C8000398029 /* SocketServer.swift in Sources */,
				50D47CC71D992A4200398029 /* AppDelegate.swift in Sources */,
				50D47CF81D992C3B00398029 /* MBWebSocketServer.m in Sources */,
			);
			runOnlyForDeploymentPostprocessing = 0;
		};
/* End PBXSourcesBuildPhase section */

/* Begin PBXVariantGroup section */
		50D47CCC1D992A4200398029 /* Main.storyboard */ = {
			isa = PBXVariantGroup;
			children = (
				50D47CCD1D992A4200398029 /* Base */,
			);
			name = Main.storyboard;
			sourceTree = "<group>";
		};
/* End PBXVariantGroup section */

/* Begin XCBuildConfiguration section */
		50D47CE61D992A4200398029 /* Debug */ = {
			isa = XCBuildConfiguration;
			buildSettings = {
				ALWAYS_SEARCH_USER_PATHS = NO;
				CLANG_ANALYZER_NONNULL = YES;
				CLANG_CXX_LANGUAGE_STANDARD = "gnu++0x";
				CLANG_CXX_LIBRARY = "libc++";
				CLANG_ENABLE_MODULES = YES;
				CLANG_ENABLE_OBJC_ARC = YES;
				CLANG_WARN_BOOL_CONVERSION = YES;
				CLANG_WARN_CONSTANT_CONVERSION = YES;
				CLANG_WARN_DIRECT_OBJC_ISA_USAGE = YES_ERROR;
				CLANG_WARN_DOCUMENTATION_COMMENTS = YES;
				CLANG_WARN_EMPTY_BODY = YES;
				CLANG_WARN_ENUM_CONVERSION = YES;
				CLANG_WARN_INFINITE_RECURSION = YES;
				CLANG_WARN_INT_CONVERSION = YES;
				CLANG_WARN_OBJC_ROOT_CLASS = YES_ERROR;
				CLANG_WARN_SUSPICIOUS_MOVES = YES;
				CLANG_WARN_UNREACHABLE_CODE = YES;
				CLANG_WARN__DUPLICATE_METHOD_MATCH = YES;
				CODE_SIGN_IDENTITY = "-";
				COPY_PHASE_STRIP = NO;
				DEBUG_INFORMATION_FORMAT = dwarf;
				ENABLE_STRICT_OBJC_MSGSEND = YES;
				ENABLE_TESTABILITY = YES;
				GCC_C_LANGUAGE_STANDARD = gnu99;
				GCC_DYNAMIC_NO_PIC = NO;
				GCC_NO_COMMON_BLOCKS = YES;
				GCC_OPTIMIZATION_LEVEL = 0;
				GCC_PREPROCESSOR_DEFINITIONS = (
					"DEBUG=1",
					"$(inherited)",
				);
				GCC_WARN_64_TO_32_BIT_CONVERSION = YES;
				GCC_WARN_ABOUT_RETURN_TYPE = YES_ERROR;
				GCC_WARN_UNDECLARED_SELECTOR = YES;
				GCC_WARN_UNINITIALIZED_AUTOS = YES_AGGRESSIVE;
				GCC_WARN_UNUSED_FUNCTION = YES;
				GCC_WARN_UNUSED_VARIABLE = YES;
				MACOSX_DEPLOYMENT_TARGET = 10.11;
				MTL_ENABLE_DEBUG_INFO = YES;
				ONLY_ACTIVE_ARCH = YES;
				SDKROOT = macosx;
				SWIFT_ACTIVE_COMPILATION_CONDITIONS = DEBUG;
				SWIFT_OPTIMIZATION_LEVEL = "-Onone";
			};
			name = Debug;
		};
		50D47CE71D992A4200398029 /* Release */ = {
			isa = XCBuildConfiguration;
			buildSettings = {
				ALWAYS_SEARCH_USER_PATHS = NO;
				CLANG_ANALYZER_NONNULL = YES;
				CLANG_CXX_LANGUAGE_STANDARD = "gnu++0x";
				CLANG_CXX_LIBRARY = "libc++";
				CLANG_ENABLE_MODULES = YES;
				CLANG_ENABLE_OBJC_ARC = YES;
				CLANG_WARN_BOOL_CONVERSION = YES;
				CLANG_WARN_CONSTANT_CONVERSION = YES;
				CLANG_WARN_DIRECT_OBJC_ISA_USAGE = YES_ERROR;
				CLANG_WARN_DOCUMENTATION_COMMENTS = YES;
				CLANG_WARN_EMPTY_BODY = YES;
				CLANG_WARN_ENUM_CONVERSION = YES;
				CLANG_WARN_INFINITE_RECURSION = YES;
				CLANG_WARN_INT_CONVERSION = YES;
				CLANG_WARN_OBJC_ROOT_CLASS = YES_ERROR;
				CLANG_WARN_SUSPICIOUS_MOVES = YES;
				CLANG_WARN_UNREACHABLE_CODE = YES;
				CLANG_WARN__DUPLICATE_METHOD_MATCH = YES;
				CODE_SIGN_IDENTITY = "-";
				COPY_PHASE_STRIP = NO;
				DEBUG_INFORMATION_FORMAT = "dwarf-with-dsym";
				ENABLE_NS_ASSERTIONS = NO;
				ENABLE_STRICT_OBJC_MSGSEND = YES;
				GCC_C_LANGUAGE_STANDARD = gnu99;
				GCC_NO_COMMON_BLOCKS = YES;
				GCC_WARN_64_TO_32_BIT_CONVERSION = YES;
				GCC_WARN_ABOUT_RETURN_TYPE = YES_ERROR;
				GCC_WARN_UNDECLARED_SELECTOR = YES;
				GCC_WARN_UNINITIALIZED_AUTOS = YES_AGGRESSIVE;
				GCC_WARN_UNUSED_FUNCTION = YES;
				GCC_WARN_UNUSED_VARIABLE = YES;
				MACOSX_DEPLOYMENT_TARGET = 10.11;
				MTL_ENABLE_DEBUG_INFO = NO;
				SDKROOT = macosx;
				SWIFT_OPTIMIZATION_LEVEL = "-Owholemodule";
			};
			name = Release;
		};
		50D47CE91D992A4200398029 /* Debug */ = {
			isa = XCBuildConfiguration;
			buildSettings = {
				ASSETCATALOG_COMPILER_APPICON_NAME = AppIcon;
				CLANG_ENABLE_MODULES = YES;
				COMBINE_HIDPI_IMAGES = YES;
				DEVELOPMENT_TEAM = VJ64FGYHRV;
				INFOPLIST_FILE = "Maki-macOS/Info.plist";
				LD_RUNPATH_SEARCH_PATHS = "$(inherited) @executable_path/../Frameworks";
				PRODUCT_BUNDLE_IDENTIFIER = "de.maxfriedrich.Maki-macOS";
				PRODUCT_NAME = "$(TARGET_NAME)";
				SWIFT_OBJC_BRIDGING_HEADER = "Maki-macOS/Maki-macOS-Bridging-Header.h";
				SWIFT_OPTIMIZATION_LEVEL = "-Onone";
				SWIFT_VERSION = 3.0;
			};
			name = Debug;
		};
		50D47CEA1D992A4200398029 /* Release */ = {
			isa = XCBuildConfiguration;
			buildSettings = {
				ASSETCATALOG_COMPILER_APPICON_NAME = AppIcon;
				CLANG_ENABLE_MODULES = YES;
				COMBINE_HIDPI_IMAGES = YES;
				DEVELOPMENT_TEAM = VJ64FGYHRV;
				INFOPLIST_FILE = "Maki-macOS/Info.plist";
				LD_RUNPATH_SEARCH_PATHS = "$(inherited) @executable_path/../Frameworks";
				PRODUCT_BUNDLE_IDENTIFIER = "de.maxfriedrich.Maki-macOS";
				PRODUCT_NAME = "$(TARGET_NAME)";
				SWIFT_OBJC_BRIDGING_HEADER = "Maki-macOS/Maki-macOS-Bridging-Header.h";
				SWIFT_VERSION = 3.0;
			};
			name = Release;
		};
/* End XCBuildConfiguration section */

/* Begin XCConfigurationList section */
		50D47CBE1D992A4200398029 /* Build configuration list for PBXProject "Maki-macOS" */ = {
			isa = XCConfigurationList;
			buildConfigurations = (
				50D47CE61D992A4200398029 /* Debug */,
				50D47CE71D992A4200398029 /* Release */,
			);
			defaultConfigurationIsVisible = 0;
			defaultConfigurationName = Release;
		};
		50D47CE81D992A4200398029 /* Build configuration list for PBXNativeTarget "Maki-macOS" */ = {
			isa = XCConfigurationList;
			buildConfigurations = (
				50D47CE91D992A4200398029 /* Debug */,
				50D47CEA1D992A4200398029 /* Release */,
			);
			defaultConfigurationIsVisible = 0;
			defaultConfigurationName = Release;
		};
/* End XCConfigurationList section */
	};
	rootObject = 50D47CBB1D992A4200398029 /* Project object */;
}
